{
  "name": "opencode-redacted",
  "version": "1.2.1",
  "lockfileVersion": 3,
  "requires": true,
  "packages": {
    "": {
      "name": "opencode-redacted",
      "version": "1.2.1",
      "license": "MIT",
      "dependencies": {
        "yaml": "^2.8.3"
      },
      "peerDependencies": {
        "@opencode-ai/plugin": "*"
      }
    },
    "node_modules/@opencode-ai/plugin": {
      "version": "1.3.0",
      "resolved": "https://registry.npmjs.org/@opencode-ai/plugin/-/plugin-1.3.0.tgz",
      "integrity": "sha512-mR1Kdcpr3Iv+KS7cL2DRFB6QAcSoR6/DojmwuxYF/pMCahMtaCLiqZGQjoSNl12+gQ6RsIJJyUh/jX3JVlOx8A==",
      "license": "MIT",
      "peer": true,
      "dependencies": {
        "@opencode-ai/sdk": "1.3.0",
        "zod": "4.1.8"
      }
    },
    "node_modules/@opencode-ai/sdk": {
      "version": "1.3.0",
      "resolved": "https://registry.npmjs.org/@opencode-ai/sdk/-/sdk-1.3.0.tgz",
      "integrity": "sha512-5WyYEpcV6Zk9otXOMIrvZRbJm1yxt/c8EXSBn1p6Sw1yagz8HRljkoUTJFxzD0x2+/6vAZItr3OrXDZfE+oA2g==",
      "license": "MIT",
      "peer": true
    },
    "node_modules/yaml": {
      "version": "2.8.3",
      "resolved": "https://registry.npmjs.org/yaml/-/yaml-2.8.3.tgz",
      "integrity": "sha512-AvbaCLOO2Otw/lW5bmh9d/WEdcDFdQp2Z2ZUH3pX9U2ihyUY0nvLv7J6TrWowklRGPYbB/IuIMfYgxaCPg5Bpg==",
      "license": "ISC",
      "bin": {
        "yaml": "bin.mjs"
      },
      "engines": {
        "node": ">= 14.6"
      },
      "funding": {
        "url": "https://github.com/sponsors/eemeli"
      }
    },
    "node_modules/zod": {
      "version": "4.1.8",
      "resolved": "https://registry.npmjs.org/zod/-/zod-4.1.8.tgz",
      "integrity": "sha512-5R1P+WwQqmmMIEACyzSvo4JXHY5WiAFHRMg+zBZKgKS+Q1viRa0C1hmUKtHltoIFKtIdki3pRxkmpP74jnNYHQ==",
      "license": "MIT",
      "peer": true,
      "funding": {
        "url": "https://github.com/sponsors/colinhacks"
      }
    }
  }
}
